
Microsoft Visual Studio Solution File, Format Version 12.00
# Visual Studio Version 17
VisualStudioVersion = 17.2.32519.379
MinimumVisualStudioVersion = 10.0.40219.1
Project("{FAE04EC0-301F-11D3-BF4B-00C04F79EFBC}") = "HelpAppDesktopClient", "HelpAppDesktopClient\HelpAppDesktopClient.csproj", "{DB9D9DEE-00B7-4868-8E01-E2CB6264D256}"
EndProject
Global
	GlobalSection(SolutionConfigurationPlatforms) = preSolution
		Debug|Any CPU = Debug|Any CPU
		Release|Any CPU = Release|Any CPU
	EndGlobalSection
	GlobalSection(ProjectConfigurationPlatforms) = postSolution
		{DB9D9DEE-00B7-4868-8E01-E2CB6264D256}.Debug|Any CPU.ActiveCfg = Debug|Any CPU
		{DB9D9DEE-00B7-4868-8E01-E2CB6264D256}.Debug|Any CPU.Build.0 = Debug|Any CPU
		{DB9D9DEE-00B7-4868-8E01-E2CB6264D256}.Release|Any CPU.ActiveCfg = Release|Any CPU
		{DB9D9DEE-00B7-4868-8E01-E2CB6264D256}.Release|Any CPU.Build.0 = Release|Any CPU
	EndGlobalSection
	GlobalSection(SolutionProperties) = preSolution
		HideSolutionNode = FALSE
	EndGlobalSection
	GlobalSection(ExtensibilityGlobals) = postSolution
		SolutionGuid = {AA48AB2B-E6E6-41C5-9041-FB5553284412}
	EndGlobalSection
EndGlobal
